[[package]]
category = "main"
description = "Python library for rounding numbers (with expected results)"
name = "sigfig"
optional = false
python-versions = "*"
version = "1.1.8"

[package.dependencies]
SortedContainers = "*"

[[package]]
category = "main"
description = "Sorted Containers -- Sorted List, Sorted Dict, Sorted Set"
name = "sortedcontainers"
optional = false
python-versions = "*"
version = "2.1.0"

[metadata]
content-hash = "69350fe57309fefb1f5d99d64f08bc9fdf9b64f69c67bb91a00718e619ed74cd"
python-versions = "^3.8"

[metadata.files]
sigfig = [
    {file = "sigfig-1.1.8-py3-none-any.whl", hash = "sha256:732db152763b2fcdb43f66cf8a06d2cda8808f80bdd430b865a372f74fd1ce02"},
    {file = "sigfig-1.1.8.tar.gz", hash = "sha256:56b412db40d462f4e2d058b1c5eb34160acc715d0df728604b265b7220ed430e"},
]
sortedcontainers = [
    {file = "sortedcontainers-2.1.0-py2.py3-none-any.whl", hash = "sha256:d9e96492dd51fae31e60837736b38fe42a187b5404c16606ff7ee7cd582d4c60"},
    {file = "sortedcontainers-2.1.0.tar.gz", hash = "sha256:974e9a32f56b17c1bac2aebd9dcf197f3eb9cd30553c5852a3187ad162e1a03a"},
]
